
Microsoft Visual Studio Solution File, Format Version 12.00
# Visual Studio Version 17
VisualStudioVersion = 17.4.33213.308
MinimumVisualStudioVersion = 10.0.40219.1
Project("{FAE04EC0-301F-11D3-BF4B-00C04F79EFBC}") = "Lionsoft", "Lionsoft\Lionsoft.csproj", "{D6D90F82-40B0-4478-9CCC-4DC3F3D5961E}"
EndProject
Global
	GlobalSection(SolutionConfigurationPlatforms) = preSolution
		Debug|Any CPU = Debug|Any CPU
		Release|Any CPU = Release|Any CPU
	EndGlobalSection
	GlobalSection(ProjectConfigurationPlatforms) = postSolution
		{D6D90F82-40B0-4478-9CCC-4DC3F3D5961E}.Debug|Any CPU.ActiveCfg = Debug|Any CPU
		{D6D90F82-40B0-4478-9CCC-4DC3F3D5961E}.Debug|Any CPU.Build.0 = Debug|Any CPU
		{D6D90F82-40B0-4478-9CCC-4DC3F3D5961E}.Release|Any CPU.ActiveCfg = Release|Any CPU
		{D6D90F82-40B0-4478-9CCC-4DC3F3D5961E}.Release|Any CPU.Build.0 = Release|Any CPU
	EndGlobalSection
	GlobalSection(SolutionProperties) = preSolution
		HideSolutionNode = FALSE
	EndGlobalSection
	GlobalSection(ExtensibilityGlobals) = postSolution
		SolutionGuid = {9611DF23-D2C9-4C23-993F-3044BA86508E}
	EndGlobalSection
EndGlobal
